github.com/ajg/form v1.5.1 h1:t9c7v8JUKu/XxOGBU0yjNpaMloxGEJhUkqFRq0ibGeU=
github.com/ajg/form v1.5.1/go.mod h1:uL1WgH+h2mgNtvBq0339dVnzXdBETtL2LeUXaIv25UY=
github.com/joho/godotenv v1.3.0 h1:Zjp+RcGpHhGlrMbJzXTrZZPrWj+1vfm90La1wgB6Bhc=
github.com/joho/godotenv v1.3.0/go.mod h1:7hK45KPybAkOC6peb+G5yklZfMxEjkZhHbwpqxOKXbg=
